
Microsoft Visual Studio Solution File, Format Version 12.00
# Visual Studio Version 16
VisualStudioVersion = 16.0.31129.286
MinimumVisualStudioVersion = 10.0.40219.1
Project("{FAE04EC0-301F-11D3-BF4B-00C04F79EFBC}") = "Event-loop", "Event-loop.csproj", "{AC3CA3F8-54B6-4A6C-8861-1530DA6CB1F3}"
EndProject
Project("{FAE04EC0-301F-11D3-BF4B-00C04F79EFBC}") = "EventLoopTest", "EventLoopTest\EventLoopTest.csproj", "{8C0E38EA-3041-4D00-BB0C-7ACE47CB77BB}"
EndProject
Global
	GlobalSection(SolutionConfigurationPlatforms) = preSolution
		Debug|Any CPU = Debug|Any CPU
		Release|Any CPU = Release|Any CPU
	EndGlobalSection
	GlobalSection(ProjectConfigurationPlatforms) = postSolution
		{AC3CA3F8-54B6-4A6C-8861-1530DA6CB1F3}.Debug|Any CPU.ActiveCfg = Debug|Any CPU
		{AC3CA3F8-54B6-4A6C-8861-1530DA6CB1F3}.Debug|Any CPU.Build.0 = Debug|Any CPU
		{AC3CA3F8-54B6-4A6C-8861-1530DA6CB1F3}.Release|Any CPU.ActiveCfg = Release|Any CPU
		{AC3CA3F8-54B6-4A6C-8861-1530DA6CB1F3}.Release|Any CPU.Build.0 = Release|Any CPU
		{8C0E38EA-3041-4D00-BB0C-7ACE47CB77BB}.Debug|Any CPU.ActiveCfg = Debug|Any CPU
		{8C0E38EA-3041-4D00-BB0C-7ACE47CB77BB}.Debug|Any CPU.Build.0 = Debug|Any CPU
		{8C0E38EA-3041-4D00-BB0C-7ACE47CB77BB}.Release|Any CPU.ActiveCfg = Release|Any CPU
		{8C0E38EA-3041-4D00-BB0C-7ACE47CB77BB}.Release|Any CPU.Build.0 = Release|Any CPU
	EndGlobalSection
	GlobalSection(SolutionProperties) = preSolution
		HideSolutionNode = FALSE
	EndGlobalSection
	GlobalSection(ExtensibilityGlobals) = postSolution
		SolutionGuid = {01DDD29A-949F-4DF0-AC5B-9CB08319C35D}
	EndGlobalSection
EndGlobal
